{
  "version": 4,
  "terraform_version": "1.6.6",
  "serial": 10,
  "lineage": "89b2387f-f6eb-59f2-b32c-d64673afc356",
  "outputs": {},
  "resources": [
    {
      "mode": "managed",
      "type": "local_file",
      "name": "exemplo",
      "provider": "provider[\"registry.terraform.io/hashicorp/local\"]",
      "instances": [
        {
          "schema_version": 0,
          "attributes": {
            "content": "Isso veio de uma variável",
            "content_base64": null,
            "content_base64sha256": "GouoKujGR4bL4twVTNF5iZu3VHS5uZxJxjHktFNEbHY=",
            "content_base64sha512": "xWccUrvBaET6BazWu+bscP27I7/fLFQ014bE6hNcfgic1Tvztfdcw8nc+B9bxbHvnLtZcpmpWT1CiVzC/8c6bQ==",
            "content_md5": "bd2a1294e53b399d4067539d4a171d77",
            "content_sha1": "57f2f3a725023a69e791bb6088bf6db4271f3895",
            "content_sha256": "1a8ba82ae8c64786cbe2dc154cd179899bb75474b9b99c49c631e4b453446c76",
            "content_sha512": "c5671c52bbc16844fa05acd6bbe6ec70fdbb23bfdf2c5434d786c4ea135c7e089cd53bf3b5f75cc3c9dcf81f5bc5b1ef9cbb597299a9593d42895cc2ffc73a6d",
            "directory_permission": "0777",
            "file_permission": "0777",
            "filename": "exemplo2.txt",
            "id": "57f2f3a725023a69e791bb6088bf6db4271f3895",
            "sensitive_content": null,
            "source": null
          },
          "sensitive_attributes": []
        }
      ]
    }
  ],
  "check_results": null
}
