{
  "version": 4,
  "terraform_version": "1.6.6",
  "serial": 7,
  "lineage": "89b2387f-f6eb-59f2-b32c-d64673afc356",
  "outputs": {},
  "resources": [
    {
      "mode": "managed",
      "type": "local_file",
      "name": "exemplo",
      "provider": "provider[\"registry.terraform.io/hashicorp/local\"]",
      "instances": [
        {
          "schema_version": 0,
          "attributes": {
            "content": "Este é um exemplo de arquivo 2",
            "content_base64": null,
            "content_base64sha256": "F2LQiJuZLIKV7qR6P8DIKmqHSLvrHMsC6t10OJ+uL48=",
            "content_base64sha512": "e/fGxBcYa37I/0mLatRZlVjI4Ugl0qi4odFjiZ1DWfBro2Lm2zihITs9nNvnOfSdH3TIzwKQsvRLV8RqIrJ42A==",
            "content_md5": "506621fa038c9943976e1f3c68067e82",
            "content_sha1": "9a6f83bb54ec15db22b90cddbf3ef1ef59124a3d",
            "content_sha256": "1762d0889b992c8295eea47a3fc0c82a6a8748bbeb1ccb02eadd74389fae2f8f",
            "content_sha512": "7bf7c6c417186b7ec8ff498b6ad4599558c8e14825d2a8b8a1d163899d4359f06ba362e6db38a1213b3d9cdbe739f49d1f74c8cf0290b2f44b57c46a22b278d8",
            "directory_permission": "0777",
            "file_permission": "0777",
            "filename": "exemplo2.txt",
            "id": "9a6f83bb54ec15db22b90cddbf3ef1ef59124a3d",
            "sensitive_content": null,
            "source": null
          },
          "sensitive_attributes": []
        }
      ]
    }
  ],
  "check_results": null
}
