{
  "version": 4,
  "terraform_version": "1.6.6",
  "serial": 19,
  "lineage": "89b2387f-f6eb-59f2-b32c-d64673afc356",
  "outputs": {},
  "resources": [
    {
      "mode": "managed",
      "type": "local_file",
      "name": "exemplo",
      "provider": "provider[\"registry.terraform.io/hashicorp/local\"]",
      "instances": [
        {
          "schema_version": 0,
          "attributes": {
            "content": "Isso é um teste!",
            "content_base64": null,
            "content_base64sha256": "61zoBnk8q0WtVSLXqqzqD5KmwKO8PoRMesvkLJPIoc8=",
            "content_base64sha512": "FqnEKdz3Mb1uPbnC5ITaNxMbLDzBJCEynLXjjyg+0WL2t30DIW325cfyQv9GiEjCjyOcZ9oxculWwmTRUd1tLw==",
            "content_md5": "9ec824af6cf12016dcb1157d11db9a9a",
            "content_sha1": "bb3a71b27f65d7a32b2fa88d972deff4f47d8c3e",
            "content_sha256": "eb5ce806793cab45ad5522d7aaacea0f92a6c0a3bc3e844c7acbe42c93c8a1cf",
            "content_sha512": "16a9c429dcf731bd6e3db9c2e484da37131b2c3cc12421329cb5e38f283ed162f6b77d03216df6e5c7f242ff468848c28f239c67da3172e956c264d151dd6d2f",
            "directory_permission": "0777",
            "file_permission": "0777",
            "filename": "exemplo2.txt",
            "id": "bb3a71b27f65d7a32b2fa88d972deff4f47d8c3e",
            "sensitive_content": null,
            "source": null
          },
          "sensitive_attributes": []
        }
      ]
    }
  ],
  "check_results": null
}
