{
  "version": 4,
  "terraform_version": "1.6.6",
  "serial": 1,
  "lineage": "89b2387f-f6eb-59f2-b32c-d64673afc356",
  "outputs": {},
  "resources": [
    {
      "mode": "managed",
      "type": "local_file",
      "name": "exemplo",
      "provider": "provider[\"registry.terraform.io/hashicorp/local\"]",
      "instances": [
        {
          "schema_version": 0,
          "attributes": {
            "content": "Este é um exemplo de arquivo",
            "content_base64": null,
            "content_base64sha256": "Rq9nQhVHTAcWI42noW4JFPFmNEsD7wUJ13LpWmalFgk=",
            "content_base64sha512": "iobx1AJiltHVun5yTjpxcX9mkAiFphHAjgmJ4uNcf78el2fUqV2poy7UZJiRxfxS69dLDyoV2U6DMdBluD+LYA==",
            "content_md5": "75a0d34be10df6256f46b35f6a600e90",
            "content_sha1": "42acaa53be400943946fa0f67c47a0bb5a45fa8f",
            "content_sha256": "46af674215474c0716238da7a16e0914f166344b03ef0509d772e95a66a51609",
            "content_sha512": "8a86f1d4026296d1d5ba7e724e3a71717f66900885a611c08e0989e2e35c7fbf1e9767d4a95da9a32ed4649891c5fc52ebd74b0f2a15d94e8331d065b83f8b60",
            "directory_permission": "0777",
            "file_permission": "0777",
            "filename": "exemplo.txt",
            "id": "42acaa53be400943946fa0f67c47a0bb5a45fa8f",
            "sensitive_content": null,
            "source": null
          },
          "sensitive_attributes": []
        }
      ]
    }
  ],
  "check_results": null
}
