{
  "version": 4,
  "terraform_version": "1.6.6",
  "serial": 64,
  "lineage": "f674475e-ceec-cc6f-e5a3-afb08d1c9032",
  "outputs": {
    "az": {
      "value": [
        "us-east-1a",
        "us-east-1b",
        "us-east-1c",
        "us-east-1d",
        "us-east-1e",
        "us-east-1f"
      ],
      "type": [
        "list",
        "string"
      ]
    }
  },
  "resources": [
    {
      "mode": "data",
      "type": "aws_availability_zones",
      "name": "available",
      "provider": "provider[\"registry.terraform.io/hashicorp/aws\"]",
      "instances": [
        {
          "schema_version": 0,
          "attributes": {
            "all_availability_zones": null,
            "exclude_names": null,
            "exclude_zone_ids": null,
            "filter": null,
            "group_names": [
              "us-east-1"
            ],
            "id": "us-east-1",
            "names": [
              "us-east-1a",
              "us-east-1b",
              "us-east-1c",
              "us-east-1d",
              "us-east-1e",
              "us-east-1f"
            ],
            "state": null,
            "timeouts": null,
            "zone_ids": [
              "use1-az2",
              "use1-az4",
              "use1-az6",
              "use1-az1",
              "use1-az3",
              "use1-az5"
            ]
          },
          "sensitive_attributes": []
        }
      ]
    },
    {
      "mode": "managed",
      "type": "aws_cloudwatch_log_group",
      "name": "log",
      "provider": "provider[\"registry.terraform.io/hashicorp/aws\"]",
      "instances": [
        {
          "schema_version": 0,
          "attributes": {
            "arn": "arn:aws:logs:us-east-1:838858411220:log-group:/aws/eks/fullcycle-curso-fullcycle/cluster",
            "id": "/aws/eks/fullcycle-curso-fullcycle/cluster",
            "kms_key_id": "",
            "log_group_class": "STANDARD",
            "name": "/aws/eks/fullcycle-curso-fullcycle/cluster",
            "name_prefix": "",
            "retention_in_days": 30,
            "skip_destroy": false,
            "tags": {},
            "tags_all": {}
          },
          "sensitive_attributes": [],
          "private": "bnVsbA=="
        }
      ]
    },
    {
      "mode": "managed",
      "type": "aws_eks_cluster",
      "name": "cluster",
      "provider": "provider[\"registry.terraform.io/hashicorp/aws\"]",
      "instances": [
        {
          "schema_version": 0,
          "attributes": {
            "arn": "arn:aws:eks:us-east-1:838858411220:cluster/fullcycle-curso-fullcycle",
            "certificate_authority": [
              {
                "data": "LS0tLS1CRUdJTiBDRVJUSUZJQ0FURS0tLS0tCk1JSURCVENDQWUyZ0F3SUJBZ0lJSno2Qno2MlFxQmt3RFFZSktvWklodmNOQVFFTEJRQXdGVEVUTUJFR0ExVUUKQXhNS2EzVmlaWEp1WlhSbGN6QWVGdzB5TkRBeE1EVXlNekF4TXpoYUZ3MHpOREF4TURJeU16QTJNemhhTUJVeApFekFSQmdOVkJBTVRDbXQxWW1WeWJtVjBaWE13Z2dFaU1BMEdDU3FHU0liM0RRRUJBUVVBQTRJQkR3QXdnZ0VLCkFvSUJBUURoOWZZYU9xWjZVVVZLL3h1Vjc2TUw2WXlXTDRzTXFncDRZK1BMbmFDNEhvM2VuclhHY0ZXT3lwVi8KakgrcmxkczlrRGkrMXBQVFN2NndFdUtpdkdlNmNpOUlCMlRCZmhMMGFTbGdvWDdiWnk5c2lNY2wwdHlZbkJBdwo4aWpaRmZYbkdON0JabDl5MURDUHZIbktudDJqSGprRWJ2T0NVYU9sRTBSaUs1bkp1SU5WR0g1UjZBeGZTL1RCCkZnQk15WDV3S2gvakZMeDJjRU00dWtjWDdoQ29QcGZ5ZlB4WUJUZVBVR2toZVNzTGhiK041MkFlTjlPRGhlYXMKK1lSdG5kSU1rS2lmSDJxZndqT21tbms5VFVJSnhIaWZUUjJ4K2lJOVlWaE5OandKVDdBeUk2ekhFemczZmJkWApDZzlRdmdYSDNKN01IRWszcnA5eUY3UEh4ZmM5QWdNQkFBR2pXVEJYTUE0R0ExVWREd0VCL3dRRUF3SUNwREFQCkJnTlZIUk1CQWY4RUJUQURBUUgvTUIwR0ExVWREZ1FXQkJRK0s2VkUxY0dQWWpjZ2xjMCtYMmJDQ1lHNTdUQVYKQmdOVkhSRUVEakFNZ2dwcmRXSmxjbTVsZEdWek1BMEdDU3FHU0liM0RRRUJDd1VBQTRJQkFRQ01kaG42YVNQRApid3FhZGhBTTRENDUvb0NIRWVPREZwT0lQY1FhSDlpUVhHRmFqTGxEcGVYZWZSMFo4SFN2T2c2bUVJUWV2eXFtCnl6MDIvV3U5cHREayt1Z3ZvRFV1clJ4RFhmOTYzb2F4MGVZeXAvNFRvRjZmbDNiYWZjVDVVZkZvbnc1cm5BUlIKbkZVZjFUU2FpMktJNjh5TThrNE5ZYXdtSzlBdTlVUXNRYS9CTG5neDFPd0FqS2oxNnAwSVc2alRSWFJka0R6TApZTmZiaFRSdEN6SjJxak9rQVU2aUlqZTJQQnVNM0hyMWR3VVoxeGI5S2M3MmpJQm53UFdnWXJ3cnlWUzFTWEN1ClJGOXpCWGNhQ1JOb1FYTmMrV3NHN1lKQkVpMmRqaHZpcjJFVnhHR3VLL1R6YjByUVRLMjlQQTNTanFnTnNrVGIKdnBwUkpoemhnSkdWCi0tLS0tRU5EIENFUlRJRklDQVRFLS0tLS0K"
              }
            ],
            "cluster_id": null,
            "created_at": "2024-01-05 23:01:44.41 +0000 UTC",
            "enabled_cluster_log_types": [
              "api",
              "audit"
            ],
            "encryption_config": [],
            "endpoint": "https://9096B79A6CC426FF130245A0B53A6D38.yl4.us-east-1.eks.amazonaws.com",
            "id": "fullcycle-curso-fullcycle",
            "identity": [
              {
                "oidc": [
                  {
                    "issuer": "https://oidc.eks.us-east-1.amazonaws.com/id/9096B79A6CC426FF130245A0B53A6D38"
                  }
                ]
              }
            ],
            "kubernetes_network_config": [
              {
                "ip_family": "ipv4",
                "service_ipv4_cidr": "172.20.0.0/16",
                "service_ipv6_cidr": ""
              }
            ],
            "name": "fullcycle-curso-fullcycle",
            "outpost_config": [],
            "platform_version": "eks.6",
            "role_arn": "arn:aws:iam::838858411220:role/fullcycle-curso-fullcycle-role",
            "status": "ACTIVE",
            "tags": {},
            "tags_all": {},
            "timeouts": null,
            "version": "1.28",
            "vpc_config": [
              {
                "cluster_security_group_id": "sg-0979d4012789f13ca",
                "endpoint_private_access": false,
                "endpoint_public_access": true,
                "public_access_cidrs": [
                  "0.0.0.0/0"
                ],
                "security_group_ids": [
                  "sg-0159e5105b4e33cdb"
                ],
                "subnet_ids": [
                  "subnet-048a68a48ddefdf3a",
                  "subnet-052fc3f938c322c1e"
                ],
                "vpc_id": "vpc-0b52159f2bef2494c"
              }
            ]
          },
          "sensitive_attributes": [],
          "private": "eyJlMmJmYjczMC1lY2FhLTExZTYtOGY4OC0zNDM2M2JjN2M0YzAiOnsiY3JlYXRlIjoxODAwMDAwMDAwMDAwLCJkZWxldGUiOjkwMDAwMDAwMDAwMCwidXBkYXRlIjozNjAwMDAwMDAwMDAwfX0=",
          "dependencies": [
            "aws_cloudwatch_log_group.log",
            "aws_iam_role.cluster",
            "aws_iam_role_policy_attachment.cluster-AmazonEKSClusterPolicy",
            "aws_iam_role_policy_attachment.cluster-AmazonEKSVPCResourceController",
            "aws_security_group.sg",
            "aws_subnet.subnets",
            "aws_vpc.new-vpc",
            "data.aws_availability_zones.available"
          ]
        }
      ]
    },
    {
      "mode": "managed",
      "type": "aws_eks_node_group",
      "name": "node-1",
      "provider": "provider[\"registry.terraform.io/hashicorp/aws\"]",
      "instances": [
        {
          "schema_version": 0,
          "attributes": {
            "ami_type": "AL2_x86_64",
            "arn": "arn:aws:eks:us-east-1:838858411220:nodegroup/fullcycle-curso-fullcycle/node-1/66c66df7-9515-0bd9-8705-d223721339f5",
            "capacity_type": "ON_DEMAND",
            "cluster_name": "fullcycle-curso-fullcycle",
            "disk_size": 20,
            "force_update_version": null,
            "id": "fullcycle-curso-fullcycle:node-1",
            "instance_types": [
              "t2.micro"
            ],
            "labels": null,
            "launch_template": [],
            "node_group_name": "node-1",
            "node_group_name_prefix": "",
            "node_role_arn": "arn:aws:iam::838858411220:role/fullcycle-curso-fullcycle-role-node",
            "release_version": "1.28.3-20231230",
            "remote_access": [],
            "resources": [
              {
                "autoscaling_groups": [
                  {
                    "name": "eks-node-1-66c66df7-9515-0bd9-8705-d223721339f5"
                  }
                ],
                "remote_access_security_group_id": ""
              }
            ],
            "scaling_config": [
              {
                "desired_size": 2,
                "max_size": 4,
                "min_size": 2
              }
            ],
            "status": "ACTIVE",
            "subnet_ids": [
              "subnet-048a68a48ddefdf3a",
              "subnet-052fc3f938c322c1e"
            ],
            "tags": null,
            "tags_all": {},
            "taint": [],
            "timeouts": null,
            "update_config": [
              {
                "max_unavailable": 1,
                "max_unavailable_percentage": 0
              }
            ],
            "version": "1.28"
          },
          "sensitive_attributes": [],
          "private": "eyJlMmJmYjczMC1lY2FhLTExZTYtOGY4OC0zNDM2M2JjN2M0YzAiOnsiY3JlYXRlIjozNjAwMDAwMDAwMDAwLCJkZWxldGUiOjM2MDAwMDAwMDAwMDAsInVwZGF0ZSI6MzYwMDAwMDAwMDAwMH19",
          "dependencies": [
            "aws_cloudwatch_log_group.log",
            "aws_eks_cluster.cluster",
            "aws_iam_role.cluster",
            "aws_iam_role.node",
            "aws_iam_role_policy_attachment.cluster-AmazonEKSClusterPolicy",
            "aws_iam_role_policy_attachment.cluster-AmazonEKSVPCResourceController",
            "aws_iam_role_policy_attachment.node-AmazonEC2ContainerRegistryReadOnly",
            "aws_iam_role_policy_attachment.node-AmazonEKSWorkerNodePolicy",
            "aws_iam_role_policy_attachment.node-AmazonEKS_CNI_Policy",
            "aws_security_group.sg",
            "aws_subnet.subnets",
            "aws_vpc.new-vpc",
            "data.aws_availability_zones.available"
          ]
        }
      ]
    },
    {
      "mode": "managed",
      "type": "aws_iam_role",
      "name": "cluster",
      "provider": "provider[\"registry.terraform.io/hashicorp/aws\"]",
      "instances": [
        {
          "schema_version": 0,
          "attributes": {
            "arn": "arn:aws:iam::838858411220:role/fullcycle-curso-fullcycle-role",
            "assume_role_policy": "{\"Statement\":[{\"Action\":\"sts:AssumeRole\",\"Effect\":\"Allow\",\"Principal\":{\"Service\":\"eks.amazonaws.com\"}}],\"Version\":\"2012-10-17\"}",
            "create_date": "2024-01-05T23:01:39Z",
            "description": "",
            "force_detach_policies": false,
            "id": "fullcycle-curso-fullcycle-role",
            "inline_policy": [],
            "managed_policy_arns": [
              "arn:aws:iam::aws:policy/AmazonEKSClusterPolicy",
              "arn:aws:iam::aws:policy/AmazonEKSVPCResourceController"
            ],
            "max_session_duration": 3600,
            "name": "fullcycle-curso-fullcycle-role",
            "name_prefix": "",
            "path": "/",
            "permissions_boundary": "",
            "tags": {},
            "tags_all": {},
            "unique_id": "AROA4GT63RTKGGSGFAH3T"
          },
          "sensitive_attributes": [],
          "private": "bnVsbA=="
        }
      ]
    },
    {
      "mode": "managed",
      "type": "aws_iam_role",
      "name": "node",
      "provider": "provider[\"registry.terraform.io/hashicorp/aws\"]",
      "instances": [
        {
          "schema_version": 0,
          "attributes": {
            "arn": "arn:aws:iam::838858411220:role/fullcycle-curso-fullcycle-role-node",
            "assume_role_policy": "{\"Statement\":[{\"Action\":\"sts:AssumeRole\",\"Effect\":\"Allow\",\"Principal\":{\"Service\":\"ec2.amazonaws.com\"}}],\"Version\":\"2012-10-17\"}",
            "create_date": "2024-01-05T20:24:37Z",
            "description": "",
            "force_detach_policies": false,
            "id": "fullcycle-curso-fullcycle-role-node",
            "inline_policy": [],
            "managed_policy_arns": [
              "arn:aws:iam::aws:policy/AmazonEC2ContainerRegistryReadOnly",
              "arn:aws:iam::aws:policy/AmazonEKSWorkerNodePolicy",
              "arn:aws:iam::aws:policy/AmazonEKS_CNI_Policy"
            ],
            "max_session_duration": 3600,
            "name": "fullcycle-curso-fullcycle-role-node",
            "name_prefix": "",
            "path": "/",
            "permissions_boundary": "",
            "tags": {},
            "tags_all": {},
            "unique_id": "AROA4GT63RTKP2UX3T77X"
          },
          "sensitive_attributes": [],
          "private": "bnVsbA=="
        }
      ]
    },
    {
      "mode": "managed",
      "type": "aws_iam_role_policy_attachment",
      "name": "cluster-AmazonEKSClusterPolicy",
      "provider": "provider[\"registry.terraform.io/hashicorp/aws\"]",
      "instances": [
        {
          "schema_version": 0,
          "attributes": {
            "id": "fullcycle-curso-fullcycle-role-20240105230141054300000002",
            "policy_arn": "arn:aws:iam::aws:policy/AmazonEKSClusterPolicy",
            "role": "fullcycle-curso-fullcycle-role"
          },
          "sensitive_attributes": [],
          "private": "bnVsbA==",
          "dependencies": [
            "aws_iam_role.cluster"
          ]
        }
      ]
    },
    {
      "mode": "managed",
      "type": "aws_iam_role_policy_attachment",
      "name": "cluster-AmazonEKSVPCResourceController",
      "provider": "provider[\"registry.terraform.io/hashicorp/aws\"]",
      "instances": [
        {
          "schema_version": 0,
          "attributes": {
            "id": "fullcycle-curso-fullcycle-role-20240105230140837200000001",
            "policy_arn": "arn:aws:iam::aws:policy/AmazonEKSVPCResourceController",
            "role": "fullcycle-curso-fullcycle-role"
          },
          "sensitive_attributes": [],
          "private": "bnVsbA==",
          "dependencies": [
            "aws_iam_role.cluster"
          ]
        }
      ]
    },
    {
      "mode": "managed",
      "type": "aws_iam_role_policy_attachment",
      "name": "node-AmazonEC2ContainerRegistryReadOnly",
      "provider": "provider[\"registry.terraform.io/hashicorp/aws\"]",
      "instances": [
        {
          "schema_version": 0,
          "attributes": {
            "id": "fullcycle-curso-fullcycle-role-node-20240105203251272000000002",
            "policy_arn": "arn:aws:iam::aws:policy/AmazonEC2ContainerRegistryReadOnly",
            "role": "fullcycle-curso-fullcycle-role-node"
          },
          "sensitive_attributes": [],
          "private": "bnVsbA==",
          "dependencies": [
            "aws_iam_role.node"
          ]
        }
      ]
    },
    {
      "mode": "managed",
      "type": "aws_iam_role_policy_attachment",
      "name": "node-AmazonEKSWorkerNodePolicy",
      "provider": "provider[\"registry.terraform.io/hashicorp/aws\"]",
      "instances": [
        {
          "schema_version": 0,
          "attributes": {
            "id": "fullcycle-curso-fullcycle-role-node-20240105203251258000000001",
            "policy_arn": "arn:aws:iam::aws:policy/AmazonEKSWorkerNodePolicy",
            "role": "fullcycle-curso-fullcycle-role-node"
          },
          "sensitive_attributes": [],
          "private": "bnVsbA==",
          "dependencies": [
            "aws_iam_role.node"
          ]
        }
      ]
    },
    {
      "mode": "managed",
      "type": "aws_iam_role_policy_attachment",
      "name": "node-AmazonEKS_CNI_Policy",
      "provider": "provider[\"registry.terraform.io/hashicorp/aws\"]",
      "instances": [
        {
          "schema_version": 0,
          "attributes": {
            "id": "fullcycle-curso-fullcycle-role-node-20240105203251327000000003",
            "policy_arn": "arn:aws:iam::aws:policy/AmazonEKS_CNI_Policy",
            "role": "fullcycle-curso-fullcycle-role-node"
          },
          "sensitive_attributes": [],
          "private": "bnVsbA==",
          "dependencies": [
            "aws_iam_role.node"
          ]
        }
      ]
    },
    {
      "mode": "managed",
      "type": "aws_internet_gateway",
      "name": "new-igw",
      "provider": "provider[\"registry.terraform.io/hashicorp/aws\"]",
      "instances": [
        {
          "schema_version": 0,
          "attributes": {
            "arn": "arn:aws:ec2:us-east-1:838858411220:internet-gateway/igw-0e8e9876f5234ce85",
            "id": "igw-0e8e9876f5234ce85",
            "owner_id": "838858411220",
            "tags": {
              "Name": "fullcycle-igw"
            },
            "tags_all": {
              "Name": "fullcycle-igw"
            },
            "timeouts": null,
            "vpc_id": "vpc-0b52159f2bef2494c"
          },
          "sensitive_attributes": [],
          "private": "eyJlMmJmYjczMC1lY2FhLTExZTYtOGY4OC0zNDM2M2JjN2M0YzAiOnsiY3JlYXRlIjoxMjAwMDAwMDAwMDAwLCJkZWxldGUiOjEyMDAwMDAwMDAwMDAsInVwZGF0ZSI6MTIwMDAwMDAwMDAwMH19",
          "dependencies": [
            "aws_vpc.new-vpc"
          ]
        }
      ]
    },
    {
      "mode": "managed",
      "type": "aws_route_table",
      "name": "new-rtb",
      "provider": "provider[\"registry.terraform.io/hashicorp/aws\"]",
      "instances": [
        {
          "schema_version": 0,
          "attributes": {
            "arn": "arn:aws:ec2:us-east-1:838858411220:route-table/rtb-00dd18e0daa2e5581",
            "id": "rtb-00dd18e0daa2e5581",
            "owner_id": "838858411220",
            "propagating_vgws": [],
            "route": [
              {
                "carrier_gateway_id": "",
                "cidr_block": "0.0.0.0/0",
                "core_network_arn": "",
                "destination_prefix_list_id": "",
                "egress_only_gateway_id": "",
                "gateway_id": "igw-0e8e9876f5234ce85",
                "ipv6_cidr_block": "",
                "local_gateway_id": "",
                "nat_gateway_id": "",
                "network_interface_id": "",
                "transit_gateway_id": "",
                "vpc_endpoint_id": "",
                "vpc_peering_connection_id": ""
              }
            ],
            "tags": {
              "Name": "fullcycle-rtb"
            },
            "tags_all": {
              "Name": "fullcycle-rtb"
            },
            "timeouts": null,
            "vpc_id": "vpc-0b52159f2bef2494c"
          },
          "sensitive_attributes": [],
          "private": "eyJlMmJmYjczMC1lY2FhLTExZTYtOGY4OC0zNDM2M2JjN2M0YzAiOnsiY3JlYXRlIjozMDAwMDAwMDAwMDAsImRlbGV0ZSI6MzAwMDAwMDAwMDAwLCJ1cGRhdGUiOjEyMDAwMDAwMDAwMH19",
          "dependencies": [
            "aws_internet_gateway.new-igw",
            "aws_vpc.new-vpc"
          ]
        }
      ]
    },
    {
      "mode": "managed",
      "type": "aws_route_table_association",
      "name": "new-rtb-association",
      "provider": "provider[\"registry.terraform.io/hashicorp/aws\"]",
      "instances": [
        {
          "index_key": 0,
          "schema_version": 0,
          "attributes": {
            "gateway_id": "",
            "id": "rtbassoc-034dfe1c3995f22e7",
            "route_table_id": "rtb-00dd18e0daa2e5581",
            "subnet_id": "subnet-052fc3f938c322c1e",
            "timeouts": null
          },
          "sensitive_attributes": [],
          "private": "eyJlMmJmYjczMC1lY2FhLTExZTYtOGY4OC0zNDM2M2JjN2M0YzAiOnsiY3JlYXRlIjozMDAwMDAwMDAwMDAsImRlbGV0ZSI6MzAwMDAwMDAwMDAwLCJ1cGRhdGUiOjEyMDAwMDAwMDAwMH19",
          "dependencies": [
            "aws_internet_gateway.new-igw",
            "aws_route_table.new-rtb",
            "aws_subnet.subnets",
            "aws_vpc.new-vpc",
            "data.aws_availability_zones.available"
          ]
        },
        {
          "index_key": 1,
          "schema_version": 0,
          "attributes": {
            "gateway_id": "",
            "id": "rtbassoc-02b834e1935e652c7",
            "route_table_id": "rtb-00dd18e0daa2e5581",
            "subnet_id": "subnet-048a68a48ddefdf3a",
            "timeouts": null
          },
          "sensitive_attributes": [],
          "private": "eyJlMmJmYjczMC1lY2FhLTExZTYtOGY4OC0zNDM2M2JjN2M0YzAiOnsiY3JlYXRlIjozMDAwMDAwMDAwMDAsImRlbGV0ZSI6MzAwMDAwMDAwMDAwLCJ1cGRhdGUiOjEyMDAwMDAwMDAwMH19",
          "dependencies": [
            "aws_internet_gateway.new-igw",
            "aws_route_table.new-rtb",
            "aws_subnet.subnets",
            "aws_vpc.new-vpc",
            "data.aws_availability_zones.available"
          ]
        }
      ]
    },
    {
      "mode": "managed",
      "type": "aws_security_group",
      "name": "sg",
      "provider": "provider[\"registry.terraform.io/hashicorp/aws\"]",
      "instances": [
        {
          "schema_version": 1,
          "attributes": {
            "arn": "arn:aws:ec2:us-east-1:838858411220:security-group/sg-0159e5105b4e33cdb",
            "description": "Managed by Terraform",
            "egress": [
              {
                "cidr_blocks": [
                  "0.0.0.0/0"
                ],
                "description": "",
                "from_port": 0,
                "ipv6_cidr_blocks": [],
                "prefix_list_ids": [],
                "protocol": "-1",
                "security_groups": [],
                "self": false,
                "to_port": 0
              }
            ],
            "id": "sg-0159e5105b4e33cdb",
            "ingress": [],
            "name": "terraform-20240105164353928100000001",
            "name_prefix": "terraform-",
            "owner_id": "838858411220",
            "revoke_rules_on_delete": false,
            "tags": {
              "Name": "fullcycle-sg"
            },
            "tags_all": {
              "Name": "fullcycle-sg"
            },
            "timeouts": null,
            "vpc_id": "vpc-0b52159f2bef2494c"
          },
          "sensitive_attributes": [],
          "private": "eyJlMmJmYjczMC1lY2FhLTExZTYtOGY4OC0zNDM2M2JjN2M0YzAiOnsiY3JlYXRlIjo2MDAwMDAwMDAwMDAsImRlbGV0ZSI6OTAwMDAwMDAwMDAwfSwic2NoZW1hX3ZlcnNpb24iOiIxIn0=",
          "dependencies": [
            "aws_vpc.new-vpc"
          ]
        }
      ]
    },
    {
      "mode": "managed",
      "type": "aws_subnet",
      "name": "subnets",
      "provider": "provider[\"registry.terraform.io/hashicorp/aws\"]",
      "instances": [
        {
          "index_key": 0,
          "schema_version": 1,
          "attributes": {
            "arn": "arn:aws:ec2:us-east-1:838858411220:subnet/subnet-052fc3f938c322c1e",
            "assign_ipv6_address_on_creation": false,
            "availability_zone": "us-east-1a",
            "availability_zone_id": "use1-az2",
            "cidr_block": "10.0.0.0/24",
            "customer_owned_ipv4_pool": "",
            "enable_dns64": false,
            "enable_lni_at_device_index": 0,
            "enable_resource_name_dns_a_record_on_launch": false,
            "enable_resource_name_dns_aaaa_record_on_launch": false,
            "id": "subnet-052fc3f938c322c1e",
            "ipv6_cidr_block": "",
            "ipv6_cidr_block_association_id": "",
            "ipv6_native": false,
            "map_customer_owned_ip_on_launch": false,
            "map_public_ip_on_launch": true,
            "outpost_arn": "",
            "owner_id": "838858411220",
            "private_dns_hostname_type_on_launch": "ip-name",
            "tags": {
              "Name": "fullcycle-subnet-0"
            },
            "tags_all": {
              "Name": "fullcycle-subnet-0"
            },
            "timeouts": null,
            "vpc_id": "vpc-0b52159f2bef2494c"
          },
          "sensitive_attributes": [],
          "private": "eyJlMmJmYjczMC1lY2FhLTExZTYtOGY4OC0zNDM2M2JjN2M0YzAiOnsiY3JlYXRlIjo2MDAwMDAwMDAwMDAsImRlbGV0ZSI6MTIwMDAwMDAwMDAwMH0sInNjaGVtYV92ZXJzaW9uIjoiMSJ9",
          "dependencies": [
            "aws_vpc.new-vpc",
            "data.aws_availability_zones.available"
          ]
        },
        {
          "index_key": 1,
          "schema_version": 1,
          "attributes": {
            "arn": "arn:aws:ec2:us-east-1:838858411220:subnet/subnet-048a68a48ddefdf3a",
            "assign_ipv6_address_on_creation": false,
            "availability_zone": "us-east-1b",
            "availability_zone_id": "use1-az4",
            "cidr_block": "10.0.1.0/24",
            "customer_owned_ipv4_pool": "",
            "enable_dns64": false,
            "enable_lni_at_device_index": 0,
            "enable_resource_name_dns_a_record_on_launch": false,
            "enable_resource_name_dns_aaaa_record_on_launch": false,
            "id": "subnet-048a68a48ddefdf3a",
            "ipv6_cidr_block": "",
            "ipv6_cidr_block_association_id": "",
            "ipv6_native": false,
            "map_customer_owned_ip_on_launch": false,
            "map_public_ip_on_launch": true,
            "outpost_arn": "",
            "owner_id": "838858411220",
            "private_dns_hostname_type_on_launch": "ip-name",
            "tags": {
              "Name": "fullcycle-subnet-1"
            },
            "tags_all": {
              "Name": "fullcycle-subnet-1"
            },
            "timeouts": null,
            "vpc_id": "vpc-0b52159f2bef2494c"
          },
          "sensitive_attributes": [],
          "private": "eyJlMmJmYjczMC1lY2FhLTExZTYtOGY4OC0zNDM2M2JjN2M0YzAiOnsiY3JlYXRlIjo2MDAwMDAwMDAwMDAsImRlbGV0ZSI6MTIwMDAwMDAwMDAwMH0sInNjaGVtYV92ZXJzaW9uIjoiMSJ9",
          "dependencies": [
            "aws_vpc.new-vpc",
            "data.aws_availability_zones.available"
          ]
        }
      ]
    },
    {
      "mode": "managed",
      "type": "aws_vpc",
      "name": "new-vpc",
      "provider": "provider[\"registry.terraform.io/hashicorp/aws\"]",
      "instances": [
        {
          "schema_version": 1,
          "attributes": {
            "arn": "arn:aws:ec2:us-east-1:838858411220:vpc/vpc-0b52159f2bef2494c",
            "assign_generated_ipv6_cidr_block": false,
            "cidr_block": "10.0.0.0/16",
            "default_network_acl_id": "acl-0deae796ee4aba791",
            "default_route_table_id": "rtb-0386d16ce40c30155",
            "default_security_group_id": "sg-0692f0a4e84b063bc",
            "dhcp_options_id": "dopt-0784f1d2c7dd3e853",
            "enable_dns_hostnames": false,
            "enable_dns_support": true,
            "enable_network_address_usage_metrics": false,
            "id": "vpc-0b52159f2bef2494c",
            "instance_tenancy": "default",
            "ipv4_ipam_pool_id": null,
            "ipv4_netmask_length": null,
            "ipv6_association_id": "",
            "ipv6_cidr_block": "",
            "ipv6_cidr_block_network_border_group": "",
            "ipv6_ipam_pool_id": "",
            "ipv6_netmask_length": 0,
            "main_route_table_id": "rtb-0386d16ce40c30155",
            "owner_id": "838858411220",
            "tags": {
              "Name": "fullcycle-vpc"
            },
            "tags_all": {
              "Name": "fullcycle-vpc"
            }
          },
          "sensitive_attributes": [],
          "private": "eyJzY2hlbWFfdmVyc2lvbiI6IjEifQ=="
        }
      ]
    },
    {
      "mode": "managed",
      "type": "local_file",
      "name": "kubeconfig",
      "provider": "provider[\"registry.terraform.io/hashicorp/local\"]",
      "instances": [
        {
          "schema_version": 0,
          "attributes": {
            "content": "apiVersion: v1\nclusters:\n- cluster:\n    server: https://9096B79A6CC426FF130245A0B53A6D38.yl4.us-east-1.eks.amazonaws.com\n    certificate-authority-data: LS0tLS1CRUdJTiBDRVJUSUZJQ0FURS0tLS0tCk1JSURCVENDQWUyZ0F3SUJBZ0lJSno2Qno2MlFxQmt3RFFZSktvWklodmNOQVFFTEJRQXdGVEVUTUJFR0ExVUUKQXhNS2EzVmlaWEp1WlhSbGN6QWVGdzB5TkRBeE1EVXlNekF4TXpoYUZ3MHpOREF4TURJeU16QTJNemhhTUJVeApFekFSQmdOVkJBTVRDbXQxWW1WeWJtVjBaWE13Z2dFaU1BMEdDU3FHU0liM0RRRUJBUVVBQTRJQkR3QXdnZ0VLCkFvSUJBUURoOWZZYU9xWjZVVVZLL3h1Vjc2TUw2WXlXTDRzTXFncDRZK1BMbmFDNEhvM2VuclhHY0ZXT3lwVi8KakgrcmxkczlrRGkrMXBQVFN2NndFdUtpdkdlNmNpOUlCMlRCZmhMMGFTbGdvWDdiWnk5c2lNY2wwdHlZbkJBdwo4aWpaRmZYbkdON0JabDl5MURDUHZIbktudDJqSGprRWJ2T0NVYU9sRTBSaUs1bkp1SU5WR0g1UjZBeGZTL1RCCkZnQk15WDV3S2gvakZMeDJjRU00dWtjWDdoQ29QcGZ5ZlB4WUJUZVBVR2toZVNzTGhiK041MkFlTjlPRGhlYXMKK1lSdG5kSU1rS2lmSDJxZndqT21tbms5VFVJSnhIaWZUUjJ4K2lJOVlWaE5OandKVDdBeUk2ekhFemczZmJkWApDZzlRdmdYSDNKN01IRWszcnA5eUY3UEh4ZmM5QWdNQkFBR2pXVEJYTUE0R0ExVWREd0VCL3dRRUF3SUNwREFQCkJnTlZIUk1CQWY4RUJUQURBUUgvTUIwR0ExVWREZ1FXQkJRK0s2VkUxY0dQWWpjZ2xjMCtYMmJDQ1lHNTdUQVYKQmdOVkhSRUVEakFNZ2dwcmRXSmxjbTVsZEdWek1BMEdDU3FHU0liM0RRRUJDd1VBQTRJQkFRQ01kaG42YVNQRApid3FhZGhBTTRENDUvb0NIRWVPREZwT0lQY1FhSDlpUVhHRmFqTGxEcGVYZWZSMFo4SFN2T2c2bUVJUWV2eXFtCnl6MDIvV3U5cHREayt1Z3ZvRFV1clJ4RFhmOTYzb2F4MGVZeXAvNFRvRjZmbDNiYWZjVDVVZkZvbnc1cm5BUlIKbkZVZjFUU2FpMktJNjh5TThrNE5ZYXdtSzlBdTlVUXNRYS9CTG5neDFPd0FqS2oxNnAwSVc2alRSWFJka0R6TApZTmZiaFRSdEN6SjJxak9rQVU2aUlqZTJQQnVNM0hyMWR3VVoxeGI5S2M3MmpJQm53UFdnWXJ3cnlWUzFTWEN1ClJGOXpCWGNhQ1JOb1FYTmMrV3NHN1lKQkVpMmRqaHZpcjJFVnhHR3VLL1R6YjByUVRLMjlQQTNTanFnTnNrVGIKdnBwUkpoemhnSkdWCi0tLS0tRU5EIENFUlRJRklDQVRFLS0tLS0K\n  name: kubernetes\ncontexts:\n- context:\n    cluster: kubernetes\n    user: \"fullcycle-curso-fullcycle\"\n  name: \"fullcycle-curso-fullcycle\"\ncurrent-context: \"fullcycle-curso-fullcycle\"\nkind: Config\npreferences: {}\nusers:\n- name: \"fullcycle-curso-fullcycle\"\n  user:\n    exec:\n      apiVersion: client.authentication.k8s.io/v1alpha1\n      command: aws-iam-authenticator\n      args:\n        - \"token\"\n        - \"-i\"\n        - \"fullcycle-curso-fullcycle\"\n",
            "content_base64": null,
            "content_base64sha256": "3RAY3VPGEM8vuVvGmlXXpWHTUbk41eZbfZkIxTsT588=",
            "content_base64sha512": "Zv4nHR0pDhhahOVcsfuFZY3LlU9P5cVG7rIXA0i27rwQCHLEX2nFfShgahLoiTZ8yUON1cBBf1qz8S/XEOT8RQ==",
            "content_md5": "e6b1974c4ad67894c0d7797dc3b42622",
            "content_sha1": "abd2c441b8a25506bc93fcbb3027f5f48228805e",
            "content_sha256": "dd1018dd53c610cf2fb95bc69a55d7a561d351b938d5e65b7d9908c53b13e7cf",
            "content_sha512": "66fe271d1d290e185a84e55cb1fb85658dcb954f4fe5c546eeb2170348b6eebc100872c45f69c57d28606a12e889367cc9438dd5c0417f5ab3f12fd710e4fc45",
            "directory_permission": "0777",
            "file_permission": "0777",
            "filename": "kubeconfig",
            "id": "abd2c441b8a25506bc93fcbb3027f5f48228805e",
            "sensitive_content": null,
            "source": null
          },
          "sensitive_attributes": [],
          "dependencies": [
            "aws_cloudwatch_log_group.log",
            "aws_eks_cluster.cluster",
            "aws_iam_role.cluster",
            "aws_iam_role_policy_attachment.cluster-AmazonEKSClusterPolicy",
            "aws_iam_role_policy_attachment.cluster-AmazonEKSVPCResourceController",
            "aws_security_group.sg",
            "aws_subnet.subnets",
            "aws_vpc.new-vpc",
            "data.aws_availability_zones.available"
          ]
        }
      ]
    }
  ],
  "check_results": null
}
